
Microsoft Visual Studio Solution File, Format Version 12.00
# Visual Studio Version 16
VisualStudioVersion = 16.0.29613.14
MinimumVisualStudioVersion = 10.0.40219.1
Project("{FAE04EC0-301F-11D3-BF4B-00C04F79EFBC}") = "PersonalNewsSiteSupportTool", "PersonalNewsSiteSupportTool\PersonalNewsSiteSupportTool.csproj", "{81D4A1E5-3D04-4E8D-BDBA-43CF392C7305}"
EndProject
Project("{2150E333-8FDC-42A3-9474-1A3956D46DE8}") = "Solution Items", "Solution Items", "{26F9C62F-3832-4D53-9E50-003C96D2A2F5}"
	ProjectSection(SolutionItems) = preProject
		LICENSE = LICENSE
		README.md = README.md
	EndProjectSection
EndProject
Project("{2150E333-8FDC-42A3-9474-1A3956D46DE8}") = "docs", "docs", "{613B79BA-F4E1-488B-B5F2-B5519EA7CAD2}"
	ProjectSection(SolutionItems) = preProject
		docs\.nojekyll = docs\.nojekyll
	EndProjectSection
EndProject
Project("{2150E333-8FDC-42A3-9474-1A3956D46DE8}") = "dev", "dev", "{BD3942A5-7CC0-4D67-9DA5-BF9285BE56FA}"
	ProjectSection(SolutionItems) = preProject
		docs\dev\index.html = docs\dev\index.html
		docs\dev\README.md = docs\dev\README.md
		docs\dev\SUMMARY.md = docs\dev\SUMMARY.md
	EndProjectSection
EndProject
Project("{FAE04EC0-301F-11D3-BF4B-00C04F79EFBC}") = "UnitTestProject", "UnitTestProject\UnitTestProject.csproj", "{2B068940-F47C-4BB0-B24F-2CA8518A174A}"
EndProject
Project("{54435603-DBB4-11D2-8724-00A0C9A8B90C}") = "Setup", "Setup\Setup.vdproj", "{E343A739-4F8E-4337-BAA9-5B718BE6C207}"
EndProject
Project("{2150E333-8FDC-42A3-9474-1A3956D46DE8}") = ".github", ".github", "{120C51C5-5C6F-4462-B372-9BC5108FF2FB}"
EndProject
Project("{2150E333-8FDC-42A3-9474-1A3956D46DE8}") = "workflows", "workflows", "{80D441BA-0474-49B9-A24C-A82E0CA6650C}"
	ProjectSection(SolutionItems) = preProject
		.github\workflows\ci.yaml = .github\workflows\ci.yaml
	EndProjectSection
EndProject
Global
	GlobalSection(SolutionConfigurationPlatforms) = preSolution
		Debug|Any CPU = Debug|Any CPU
		Debug|x86 = Debug|x86
		Release|Any CPU = Release|Any CPU
		Release|x86 = Release|x86
	EndGlobalSection
	GlobalSection(ProjectConfigurationPlatforms) = postSolution
		{81D4A1E5-3D04-4E8D-BDBA-43CF392C7305}.Debug|Any CPU.ActiveCfg = Debug|Any CPU
		{81D4A1E5-3D04-4E8D-BDBA-43CF392C7305}.Debug|Any CPU.Build.0 = Debug|Any CPU
		{81D4A1E5-3D04-4E8D-BDBA-43CF392C7305}.Debug|x86.ActiveCfg = Debug|Any CPU
		{81D4A1E5-3D04-4E8D-BDBA-43CF392C7305}.Debug|x86.Build.0 = Debug|Any CPU
		{81D4A1E5-3D04-4E8D-BDBA-43CF392C7305}.Release|Any CPU.ActiveCfg = Release|Any CPU
		{81D4A1E5-3D04-4E8D-BDBA-43CF392C7305}.Release|Any CPU.Build.0 = Release|Any CPU
		{81D4A1E5-3D04-4E8D-BDBA-43CF392C7305}.Release|x86.ActiveCfg = Release|Any CPU
		{81D4A1E5-3D04-4E8D-BDBA-43CF392C7305}.Release|x86.Build.0 = Release|Any CPU
		{2B068940-F47C-4BB0-B24F-2CA8518A174A}.Debug|Any CPU.ActiveCfg = Debug|Any CPU
		{2B068940-F47C-4BB0-B24F-2CA8518A174A}.Debug|Any CPU.Build.0 = Debug|Any CPU
		{2B068940-F47C-4BB0-B24F-2CA8518A174A}.Debug|x86.ActiveCfg = Debug|Any CPU
		{2B068940-F47C-4BB0-B24F-2CA8518A174A}.Debug|x86.Build.0 = Debug|Any CPU
		{2B068940-F47C-4BB0-B24F-2CA8518A174A}.Release|Any CPU.ActiveCfg = Release|Any CPU
		{2B068940-F47C-4BB0-B24F-2CA8518A174A}.Release|Any CPU.Build.0 = Release|Any CPU
		{2B068940-F47C-4BB0-B24F-2CA8518A174A}.Release|x86.ActiveCfg = Release|Any CPU
		{2B068940-F47C-4BB0-B24F-2CA8518A174A}.Release|x86.Build.0 = Release|Any CPU
		{E343A739-4F8E-4337-BAA9-5B718BE6C207}.Debug|Any CPU.ActiveCfg = Debug
		{E343A739-4F8E-4337-BAA9-5B718BE6C207}.Debug|x86.ActiveCfg = Debug
		{E343A739-4F8E-4337-BAA9-5B718BE6C207}.Debug|x86.Build.0 = Debug
		{E343A739-4F8E-4337-BAA9-5B718BE6C207}.Release|Any CPU.ActiveCfg = Release
		{E343A739-4F8E-4337-BAA9-5B718BE6C207}.Release|x86.ActiveCfg = Release
		{E343A739-4F8E-4337-BAA9-5B718BE6C207}.Release|x86.Build.0 = Release
	EndGlobalSection
	GlobalSection(SolutionProperties) = preSolution
		HideSolutionNode = FALSE
	EndGlobalSection
	GlobalSection(NestedProjects) = preSolution
		{BD3942A5-7CC0-4D67-9DA5-BF9285BE56FA} = {613B79BA-F4E1-488B-B5F2-B5519EA7CAD2}
		{80D441BA-0474-49B9-A24C-A82E0CA6650C} = {120C51C5-5C6F-4462-B372-9BC5108FF2FB}
	EndGlobalSection
	GlobalSection(ExtensibilityGlobals) = postSolution
		SolutionGuid = {06A5C38B-8565-40D3-8FC0-3C4795EA0B81}
	EndGlobalSection
EndGlobal
